
Microsoft Visual Studio Solution File, Format Version 12.00
# Visual Studio Version 16
VisualStudioVersion = 16.0.30114.105
MinimumVisualStudioVersion = 10.0.40219.1
Project("{FAE04EC0-301F-11D3-BF4B-00C04F79EFBC}") = "Producer", "Producer\Producer.csproj", "{EE91C91D-7460-43C7-A35C-F25FDD3BE4D2}"
EndProject
Project("{FAE04EC0-301F-11D3-BF4B-00C04F79EFBC}") = "Consumer", "Consumer\Consumer.csproj", "{F4497618-FADB-45E1-BEED-28ECEBB2B9BC}"
EndProject
Project("{FAE04EC0-301F-11D3-BF4B-00C04F79EFBC}") = "Shared", "Shared\Shared.csproj", "{1783CCC0-4774-4D15-9407-07328273FC5D}"
EndProject
Global
	GlobalSection(SolutionConfigurationPlatforms) = preSolution
		Debug|Any CPU = Debug|Any CPU
		Release|Any CPU = Release|Any CPU
	EndGlobalSection
	GlobalSection(SolutionProperties) = preSolution
		HideSolutionNode = FALSE
	EndGlobalSection
	GlobalSection(ProjectConfigurationPlatforms) = postSolution
		{EE91C91D-7460-43C7-A35C-F25FDD3BE4D2}.Debug|Any CPU.ActiveCfg = Debug|Any CPU
		{EE91C91D-7460-43C7-A35C-F25FDD3BE4D2}.Debug|Any CPU.Build.0 = Debug|Any CPU
		{EE91C91D-7460-43C7-A35C-F25FDD3BE4D2}.Release|Any CPU.ActiveCfg = Release|Any CPU
		{EE91C91D-7460-43C7-A35C-F25FDD3BE4D2}.Release|Any CPU.Build.0 = Release|Any CPU
		{F4497618-FADB-45E1-BEED-28ECEBB2B9BC}.Debug|Any CPU.ActiveCfg = Debug|Any CPU
		{F4497618-FADB-45E1-BEED-28ECEBB2B9BC}.Debug|Any CPU.Build.0 = Debug|Any CPU
		{F4497618-FADB-45E1-BEED-28ECEBB2B9BC}.Release|Any CPU.ActiveCfg = Release|Any CPU
		{F4497618-FADB-45E1-BEED-28ECEBB2B9BC}.Release|Any CPU.Build.0 = Release|Any CPU
		{1783CCC0-4774-4D15-9407-07328273FC5D}.Debug|Any CPU.ActiveCfg = Debug|Any CPU
		{1783CCC0-4774-4D15-9407-07328273FC5D}.Debug|Any CPU.Build.0 = Debug|Any CPU
		{1783CCC0-4774-4D15-9407-07328273FC5D}.Release|Any CPU.ActiveCfg = Release|Any CPU
		{1783CCC0-4774-4D15-9407-07328273FC5D}.Release|Any CPU.Build.0 = Release|Any CPU
	EndGlobalSection
EndGlobal
